
Microsoft Visual Studio Solution File, Format Version 12.00
# Visual Studio Version 16
VisualStudioVersion = 16.0.29519.87
MinimumVisualStudioVersion = 10.0.40219.1
Project("{9A19103F-16F7-4668-BE54-9A1E7A4F7556}") = "CampaignService.Common", "CampaignService.Common\CampaignService.Common.csproj", "{B9A2BAA2-EC86-4219-A319-139EE29DC863}"
EndProject
Project("{9A19103F-16F7-4668-BE54-9A1E7A4F7556}") = "CampaignService.Data", "CampaignService.Data\CampaignService.Data.csproj", "{6EE3A121-3B18-446A-B814-F8E26DF9F5F1}"
EndProject
Project("{2150E333-8FDC-42A3-9474-1A3956D46DE8}") = "Infrastructure", "Infrastructure", "{AEEA0E30-0A5F-4624-8173-158D9A813937}"
EndProject
Project("{2150E333-8FDC-42A3-9474-1A3956D46DE8}") = "Presentation", "Presentation", "{E1D89C8B-42AF-43F7-9A2C-B8EB87524182}"
EndProject
Project("{FAE04EC0-301F-11D3-BF4B-00C04F79EFBC}") = "CampaignService.Services", "CampaignService.Services\CampaignService.Services.csproj", "{56878BD0-4739-44D2-A2AE-78AD7B2600F1}"
EndProject
Project("{FAE04EC0-301F-11D3-BF4B-00C04F79EFBC}") = "CampaignService.Api", "CampaignService.Api\CampaignService.Api.csproj", "{561CE055-1C95-4FBA-8BE7-5E01C390857A}"
EndProject
Project("{2150E333-8FDC-42A3-9474-1A3956D46DE8}") = "Tests", "Tests", "{AF2B0C24-D5BB-4C10-9A1F-A2D98340467A}"
EndProject
Project("{FAE04EC0-301F-11D3-BF4B-00C04F79EFBC}") = "CampaignService.UnitTests", "CampaignService.UnitTests\CampaignService.UnitTests.csproj", "{F73A4180-37F5-4593-80B5-604D2322AF31}"
EndProject
Global
	GlobalSection(SolutionConfigurationPlatforms) = preSolution
		Debug|Any CPU = Debug|Any CPU
		Release|Any CPU = Release|Any CPU
	EndGlobalSection
	GlobalSection(ProjectConfigurationPlatforms) = postSolution
		{B9A2BAA2-EC86-4219-A319-139EE29DC863}.Debug|Any CPU.ActiveCfg = Debug|Any CPU
		{B9A2BAA2-EC86-4219-A319-139EE29DC863}.Debug|Any CPU.Build.0 = Debug|Any CPU
		{B9A2BAA2-EC86-4219-A319-139EE29DC863}.Release|Any CPU.ActiveCfg = Release|Any CPU
		{B9A2BAA2-EC86-4219-A319-139EE29DC863}.Release|Any CPU.Build.0 = Release|Any CPU
		{6EE3A121-3B18-446A-B814-F8E26DF9F5F1}.Debug|Any CPU.ActiveCfg = Debug|Any CPU
		{6EE3A121-3B18-446A-B814-F8E26DF9F5F1}.Debug|Any CPU.Build.0 = Debug|Any CPU
		{6EE3A121-3B18-446A-B814-F8E26DF9F5F1}.Release|Any CPU.ActiveCfg = Release|Any CPU
		{6EE3A121-3B18-446A-B814-F8E26DF9F5F1}.Release|Any CPU.Build.0 = Release|Any CPU
		{56878BD0-4739-44D2-A2AE-78AD7B2600F1}.Debug|Any CPU.ActiveCfg = Debug|Any CPU
		{56878BD0-4739-44D2-A2AE-78AD7B2600F1}.Debug|Any CPU.Build.0 = Debug|Any CPU
		{56878BD0-4739-44D2-A2AE-78AD7B2600F1}.Release|Any CPU.ActiveCfg = Release|Any CPU
		{56878BD0-4739-44D2-A2AE-78AD7B2600F1}.Release|Any CPU.Build.0 = Release|Any CPU
		{561CE055-1C95-4FBA-8BE7-5E01C390857A}.Debug|Any CPU.ActiveCfg = Debug|Any CPU
		{561CE055-1C95-4FBA-8BE7-5E01C390857A}.Debug|Any CPU.Build.0 = Debug|Any CPU
		{561CE055-1C95-4FBA-8BE7-5E01C390857A}.Release|Any CPU.ActiveCfg = Release|Any CPU
		{561CE055-1C95-4FBA-8BE7-5E01C390857A}.Release|Any CPU.Build.0 = Release|Any CPU
		{F73A4180-37F5-4593-80B5-604D2322AF31}.Debug|Any CPU.ActiveCfg = Debug|Any CPU
		{F73A4180-37F5-4593-80B5-604D2322AF31}.Debug|Any CPU.Build.0 = Debug|Any CPU
		{F73A4180-37F5-4593-80B5-604D2322AF31}.Release|Any CPU.ActiveCfg = Release|Any CPU
		{F73A4180-37F5-4593-80B5-604D2322AF31}.Release|Any CPU.Build.0 = Release|Any CPU
	EndGlobalSection
	GlobalSection(SolutionProperties) = preSolution
		HideSolutionNode = FALSE
	EndGlobalSection
	GlobalSection(NestedProjects) = preSolution
		{B9A2BAA2-EC86-4219-A319-139EE29DC863} = {AEEA0E30-0A5F-4624-8173-158D9A813937}
		{6EE3A121-3B18-446A-B814-F8E26DF9F5F1} = {AEEA0E30-0A5F-4624-8173-158D9A813937}
		{56878BD0-4739-44D2-A2AE-78AD7B2600F1} = {AEEA0E30-0A5F-4624-8173-158D9A813937}
		{561CE055-1C95-4FBA-8BE7-5E01C390857A} = {E1D89C8B-42AF-43F7-9A2C-B8EB87524182}
		{F73A4180-37F5-4593-80B5-604D2322AF31} = {AF2B0C24-D5BB-4C10-9A1F-A2D98340467A}
	EndGlobalSection
	GlobalSection(ExtensibilityGlobals) = postSolution
		SolutionGuid = {FEC88CD2-1FD0-4C59-B567-676E97B7FA10}
	EndGlobalSection
EndGlobal
